{
    "_readme": [
        "This file locks the dependencies of your project to a known state",
        "Read more about it at https://getcomposer.org/doc/01-basic-usage.md#composer-lock-the-lock-file",
        "This file is @generated automatically"
    ],
    "content-hash": "a1a732c64c5995fa56cfaaae8e90ecb5",
    "packages": [],
    "packages-dev": [
        {
            "name": "beet/box",
            "version": "0.4.1",
            "source": {
                "type": "git",
                "url": "https://github.com/beetboxvm/beetbox.git",
                "reference": "3badb85241e6ce839926fd6bf7e2e6bf64515019"
            },
            "dist": {
                "type": "zip",
                "url": "https://api.github.com/repos/beetboxvm/beetbox/zipball/3badb85241e6ce839926fd6bf7e2e6bf64515019",
                "reference": "3badb85241e6ce839926fd6bf7e2e6bf64515019",
                "shasum": ""
            },
            "require": {
                "composer-plugin-api": "^1.0"
            },
            "require-dev": {
                "composer/composer": "dev-master",
                "phpunit/phpunit": "^4.4.0"
            },
            "type": "composer-plugin",
            "extra": {
                "class": "Beet\\Box\\Plugin",
                "branch-alias": {
                    "dev-master": "1.0.x-dev"
                }
            },
            "autoload": {
                "psr-4": {
                    "Beet\\Box\\": "composer/src/"
                }
            },
            "notification-url": "https://packagist.org/downloads/",
            "license": [
                "MIT"
            ],
            "description": "A pre-provisioned L*MP stack VM",
            "homepage": "https://github.com/beetboxvm/beetbox",
            "time": "2017-02-04T01:31:47+00:00"
        }
    ],
    "aliases": [],
    "minimum-stability": "dev",
    "stability-flags": [],
    "prefer-stable": false,
    "prefer-lowest": false,
    "platform": [],
    "platform-dev": []
}
