{
    "_readme": [
        "This file locks the dependencies of your project to a known state",
        "Read more about it at https://getcomposer.org/doc/01-basic-usage.md#composer-lock-the-lock-file",
        "This file is @generated automatically"
    ],
    "content-hash": "110165952d21b3da71be0338e29480b5",
    "packages": [],
    "packages-dev": [
        {
            "name": "beet/box",
            "version": "0.5.1",
            "source": {
                "type": "git",
                "url": "https://github.com/beetboxvm/beetbox.git",
                "reference": "154da72ca6e6f1bfb74d6bece5b56d41ebdad6b9"
            },
            "dist": {
                "type": "zip",
                "url": "https://api.github.com/repos/beetboxvm/beetbox/zipball/154da72ca6e6f1bfb74d6bece5b56d41ebdad6b9",
                "reference": "154da72ca6e6f1bfb74d6bece5b56d41ebdad6b9",
                "shasum": ""
            },
            "require": {
                "composer-plugin-api": "^1.0"
            },
            "require-dev": {
                "composer/composer": "dev-master",
                "consolidation/robo": "~1",
                "joestewart/robo-vagrant": "^1.0",
                "phpunit/phpunit": "^6.0",
                "sensiolabs/security-checker": "^4.0"
            },
            "type": "composer-plugin",
            "extra": {
                "class": "Beet\\Box\\Plugin",
                "branch-alias": {
                    "dev-master": "1.0.x-dev"
                }
            },
            "autoload": {
                "psr-4": {
                    "Beet\\Box\\": "composer/src/"
                }
            },
            "notification-url": "https://packagist.org/downloads/",
            "license": [
                "MIT"
            ],
            "description": "A pre-provisioned L*MP stack VM",
            "homepage": "https://github.com/beetboxvm/beetbox",
            "time": "2017-04-20T15:35:12+00:00"
        }
    ],
    "aliases": [],
    "minimum-stability": "dev",
    "stability-flags": [],
    "prefer-stable": false,
    "prefer-lowest": false,
    "platform": [],
    "platform-dev": []
}
